
Microsoft Visual Studio Solution File, Format Version 12.00
# Visual Studio Version 17
VisualStudioVersion = 17.4.33403.182
MinimumVisualStudioVersion = 10.0.40219.1
Project("{FAE04EC0-301F-11D3-BF4B-00C04F79EFBC}") = "RadSistems", "RadSistems\RadSistems.csproj", "{850845D1-5116-455A-9D7C-DC1F6C45AF55}"
EndProject
Global
	GlobalSection(SolutionConfigurationPlatforms) = preSolution
		Debug|Any CPU = Debug|Any CPU
		Release|Any CPU = Release|Any CPU
	EndGlobalSection
	GlobalSection(ProjectConfigurationPlatforms) = postSolution
		{850845D1-5116-455A-9D7C-DC1F6C45AF55}.Debug|Any CPU.ActiveCfg = Debug|Any CPU
		{850845D1-5116-455A-9D7C-DC1F6C45AF55}.Debug|Any CPU.Build.0 = Debug|Any CPU
		{850845D1-5116-455A-9D7C-DC1F6C45AF55}.Release|Any CPU.ActiveCfg = Release|Any CPU
		{850845D1-5116-455A-9D7C-DC1F6C45AF55}.Release|Any CPU.Build.0 = Release|Any CPU
	EndGlobalSection
	GlobalSection(SolutionProperties) = preSolution
		HideSolutionNode = FALSE
	EndGlobalSection
	GlobalSection(ExtensibilityGlobals) = postSolution
		SolutionGuid = {3CD32248-5701-4343-BEFF-6C328B53BB4F}
	EndGlobalSection
EndGlobal
